{
  "requires": true,
  "lockfileVersion": 1,
  "dependencies": {
    "date-fns": {
      "version": "2.6.0",
      "resolved": "https://registry.npmjs.org/date-fns/-/date-fns-2.6.0.tgz",
      "integrity": "sha512-F55YxqRdEfP/eYQmQjLN798v0AwLjmZ8nMBjdQvNwEE3N/zWVrlkkqT+9seBlPlsbkybG4JmWg3Ee3dIV9BcGQ=="
    }
  }
}
